
Microsoft Visual Studio Solution File, Format Version 12.00
# Visual Studio Version 17
VisualStudioVersion = 17.10.35004.147
MinimumVisualStudioVersion = 10.0.40219.1
Project("{FAE04EC0-301F-11D3-BF4B-00C04F79EFBC}") = "BlogAPI", "BlogAPI\BlogAPI.csproj", "{1D5913BC-05E5-4866-B8FC-EA884ED4C980}"
EndProject
Global
	GlobalSection(SolutionConfigurationPlatforms) = preSolution
		Debug|Any CPU = Debug|Any CPU
		Release|Any CPU = Release|Any CPU
	EndGlobalSection
	GlobalSection(ProjectConfigurationPlatforms) = postSolution
		{1D5913BC-05E5-4866-B8FC-EA884ED4C980}.Debug|Any CPU.ActiveCfg = Debug|Any CPU
		{1D5913BC-05E5-4866-B8FC-EA884ED4C980}.Debug|Any CPU.Build.0 = Debug|Any CPU
		{1D5913BC-05E5-4866-B8FC-EA884ED4C980}.Release|Any CPU.ActiveCfg = Release|Any CPU
		{1D5913BC-05E5-4866-B8FC-EA884ED4C980}.Release|Any CPU.Build.0 = Release|Any CPU
	EndGlobalSection
	GlobalSection(SolutionProperties) = preSolution
		HideSolutionNode = FALSE
	EndGlobalSection
	GlobalSection(ExtensibilityGlobals) = postSolution
		SolutionGuid = {AAEBE2BD-6524-418F-A5A0-A775DA9F6F4C}
	EndGlobalSection
EndGlobal
